lockfileVersion: 5.3

importers:

  .:
    specifiers: {}

  apps/formgraph:
    specifiers:
      '@graphql-yoga/node': ^2.0.0
      '@pothos/core': ^3.3.3
      '@pothos/plugin-prisma': ^3.1.1
      '@types/node': ^17.0.23
      cross-env: ^7.0.3
      graphql: ^16.3.0
      prisma: ^3.11.1
      ts-node: ^10.7.0
      ts-node-dev: ^1.1.8
      typescript: ^4.6.3
    dependencies:
      '@graphql-yoga/node': 2.0.0_graphql@16.3.0
      '@pothos/core': 3.3.3_graphql@16.3.0
      '@pothos/plugin-prisma': 3.1.1_graphql@16.3.0+typescript@4.6.3
      graphql: 16.3.0
      prisma: 3.11.1
    devDependencies:
      '@types/node': 17.0.23
      cross-env: 7.0.3
      ts-node: 10.7.0_ee885bc7281b682b6adbed6ae09ee090
      ts-node-dev: 1.1.8_typescript@4.6.3
      typescript: 4.6.3

packages:

  /@cspotcode/source-map-consumer/0.8.0:
    resolution: {integrity: sha512-41qniHzTU8yAGbCp04ohlmSrZf8bkf/iJsl3V0dRGsQN/5GFfx+LbCSsCpp2gqrqjTVg/K6O8ycoV35JIwAzAg==}
    engines: {node: '>= 12'}
    dev: true

  /@cspotcode/source-map-support/0.7.0:
    resolution: {integrity: sha512-X4xqRHqN8ACt2aHVe51OxeA2HjbcL4MqFqXkrmQszJ1NOUuUu5u6Vqx/0lZSVNku7velL5FC/s5uEAj1lsBMhA==}
    engines: {node: '>=12'}
    dependencies:
      '@cspotcode/source-map-consumer': 0.8.0
    dev: true

  /@envelop/core/2.2.0_graphql@16.3.0:
    resolution: {integrity: sha512-lyW9k/YjrXcQrboMM6ub7+rVNOjgSqCfC3wyApNpG/on7p5BQrbVU8xKAINZO+6lc9Ewfrhm8DorVvomP4PgKg==}
    peerDependencies:
      graphql: ^14.0.0 || ^15.0.0 || ^16.0.0
    dependencies:
      '@envelop/types': 2.1.0_graphql@16.3.0
      graphql: 16.3.0
    dev: false

  /@envelop/disable-introspection/3.2.0_7efd95287b4a153b85d3bcf9a297948b:
    resolution: {integrity: sha512-QIDZRhi5b7i7wtWniVOevSsRok/40LmB6qzKbE0ddwqypGa6s5MniWDEYAMchpjPGDDqLyhCG51kQNamerWmvw==}
    peerDependencies:
      '@envelop/core': ^2.2.0
      graphql: ^14.0.0 || ^15.0.0 || ^16.0.0
    dependencies:
      '@envelop/core': 2.2.0_graphql@16.3.0
      graphql: 16.3.0
    dev: false

  /@envelop/parser-cache/4.2.0_7efd95287b4a153b85d3bcf9a297948b:
    resolution: {integrity: sha512-PYDyy8lb4Vd1KSTinInhgneVW1xWke1yTRO8zt/zBLfasks7VhtIM5D7UivtDCl7ATspEiuIKIim6VC/pbDXkQ==}
    peerDependencies:
      '@envelop/core': ^2.2.0
      graphql: ^14.0.0 || ^15.0.0 || ^16.0.0
    dependencies:
      '@envelop/core': 2.2.0_graphql@16.3.0
      graphql: 16.3.0
      tiny-lru: 7.0.6
    dev: false

  /@envelop/types/2.1.0_graphql@16.3.0:
    resolution: {integrity: sha512-aI49GOoqRKEoIqBfnDLphwFwQYcSNAHfS+ZRBTjSB78KXRJbvZQ4oB5O3yW/lzywC0ZSJTlPhcGcEwr9dlgJyQ==}
    peerDependencies:
      graphql: ^14.0.0 || ^15.0.0 || ^16.0.0
    dependencies:
      graphql: 16.3.0
    dev: false

  /@envelop/validation-cache/4.2.0_7efd95287b4a153b85d3bcf9a297948b:
    resolution: {integrity: sha512-1rDFa5MjErCOOx65AV33YeCWcOLy5LI3FPzyUlLDjVa5Sa1ZZOTK3QllarW0iMeAcfpOP83NU5s9ds2KaJjKmQ==}
    peerDependencies:
      '@envelop/core': ^2.2.0
      graphql: ^14.0.0 || ^15.0.0 || ^16.0.0
    dependencies:
      '@envelop/core': 2.2.0_graphql@16.3.0
      graphql: 16.3.0
      tiny-lru: 7.0.6
    dev: false

  /@graphql-tools/merge/8.2.6_graphql@16.3.0:
    resolution: {integrity: sha512-dkwTm4czMISi/Io47IVvq2Fl9q4TIGKpJ0VZjuXYdEFkECyH6A5uwxZfPVandZG+gQs8ocFFoa6RisiUJLZrJw==}
    peerDependencies:
      graphql: ^14.0.0 || ^15.0.0 || ^16.0.0
    dependencies:
      '@graphql-tools/utils': 8.6.5_graphql@16.3.0
      graphql: 16.3.0
      tslib: 2.3.1
    dev: false

  /@graphql-tools/schema/8.3.6_graphql@16.3.0:
    resolution: {integrity: sha512-7tWYRQ8hB/rv2zAtv2LtnQl4UybyJPtRz/VLKRmgi7+F5t8iYBahmmsxMDAYMWMmWMqEDiKk54TvAes+J069rQ==}
    peerDependencies:
      graphql: ^14.0.0 || ^15.0.0 || ^16.0.0
    dependencies:
      '@graphql-tools/merge': 8.2.6_graphql@16.3.0
      '@graphql-tools/utils': 8.6.5_graphql@16.3.0
      graphql: 16.3.0
      tslib: 2.3.1
      value-or-promise: 1.0.11
    dev: false

  /@graphql-tools/utils/8.6.5_graphql@16.3.0:
    resolution: {integrity: sha512-mjOtaWiS2WIqRz/cq5gaeM3sVrllcu2xbtHROw1su1v3xWa3D3dKgn8Lrl7+tvWs5WUVySsBss/VZ3WdoPkCrA==}
    peerDependencies:
      graphql: ^14.0.0 || ^15.0.0 || ^16.0.0
    dependencies:
      graphql: 16.3.0
      tslib: 2.3.1
    dev: false

  /@graphql-typed-document-node/core/3.1.1_graphql@16.3.0:
    resolution: {integrity: sha512-NQ17ii0rK1b34VZonlmT2QMJFI70m0TRwbknO/ihlbatXyaktDhN/98vBiUU6kNBPljqGqyIrl2T4nY2RpFANg==}
    peerDependencies:
      graphql: ^0.8.0 || ^0.9.0 || ^0.10.0 || ^0.11.0 || ^0.12.0 || ^0.13.0 || ^14.0.0 || ^15.0.0 || ^16.0.0
    dependencies:
      graphql: 16.3.0
    dev: false

  /@graphql-yoga/common/2.0.0_graphql@16.3.0:
    resolution: {integrity: sha512-nSENt7yANcnAIHdjTWOeTz4feXnGkgiShUU9MzukFbETWL7pwaK6fjgghUCDVuL2axm155Z3lAhG4sLA4MgvlQ==}
    peerDependencies:
      graphql: ^15.2.0 || ^16.0.0
    dependencies:
      '@envelop/core': 2.2.0_graphql@16.3.0
      '@envelop/disable-introspection': 3.2.0_7efd95287b4a153b85d3bcf9a297948b
      '@envelop/parser-cache': 4.2.0_7efd95287b4a153b85d3bcf9a297948b
      '@envelop/validation-cache': 4.2.0_7efd95287b4a153b85d3bcf9a297948b
      '@graphql-tools/schema': 8.3.6_graphql@16.3.0
      '@graphql-tools/utils': 8.6.5_graphql@16.3.0
      '@graphql-typed-document-node/core': 3.1.1_graphql@16.3.0
      '@graphql-yoga/render-graphiql': 2.0.0
      '@graphql-yoga/subscription': 2.0.0
      chalk: 4.1.2
      cross-undici-fetch: 0.1.28
      dset: 3.1.1
      graphql: 16.3.0
      tslib: 2.3.1
    transitivePeerDependencies:
      - encoding
    dev: false

  /@graphql-yoga/node/2.0.0_graphql@16.3.0:
    resolution: {integrity: sha512-fjKHT8UR1DcOgvUfrnVhM7Ggj5vnxVUwlUbkY7NZC8vZiXfVbA9UfLYUYl+hXFmOCDK+S19kszLp7rw0s0LdWg==}
    peerDependencies:
      graphql: ^15.2.0 || ^16.0.0
    dependencies:
      '@envelop/core': 2.2.0_graphql@16.3.0
      '@graphql-tools/utils': 8.6.5_graphql@16.3.0
      '@graphql-yoga/common': 2.0.0_graphql@16.3.0
      '@graphql-yoga/subscription': 2.0.0
      cross-undici-fetch: 0.1.28
      graphql: 16.3.0
      tslib: 2.3.1
    transitivePeerDependencies:
      - encoding
    dev: false

  /@graphql-yoga/render-graphiql/2.0.0:
    resolution: {integrity: sha512-GZuZPCVBpYI0MwaE6nBtrzMoSFyBtiWOUm7i9jbRxu5Sqxuj3Zc0zTaD7V0UQzuPZKzytmMWq2+nbWPIu5FWtg==}
    dev: false

  /@graphql-yoga/subscription/2.0.0:
    resolution: {integrity: sha512-HlG+gIddjIP3/BDrMZymdzmzDjNdYuSGMxx6+1JA83gAEVRDR4yOoT4QeNKYqRhLK9xca/Hxp1PfBpquSa244Q==}
    dependencies:
      '@repeaterjs/repeater': 3.0.4
      tslib: 2.3.1
    dev: false

  /@pothos/core/3.3.3_graphql@16.3.0:
    resolution: {integrity: sha512-xDd22CSORazbSQRSYURCYGxs9qToHun1DdbHVS0UOMIfp5dpM2JfJyuZVDh3PlfLAOi7gYVQ2LIh+fqKjT4mAQ==}
    peerDependencies:
      graphql: '>=15.1.0'
    dependencies:
      graphql: 16.3.0
    dev: false

  /@pothos/plugin-prisma/3.1.1_graphql@16.3.0+typescript@4.6.3:
    resolution: {integrity: sha512-0RB2naN7svayaDyUSRhZy6QDEbTfqHh98aXhIaiPp16MFGOh/A4GvrI4rz+xSj56w3twIFy11+CM40Y9Ft3MhQ==}
    hasBin: true
    peerDependencies:
      '@prisma/client': '*'
      graphql: '>=15.1.0'
      typescript: '>4.5.2'
    dependencies:
      '@prisma/generator-helper': 3.11.1
      graphql: 16.3.0
      typescript: 4.6.3
    dev: false

  /@prisma/debug/3.11.1:
    resolution: {integrity: sha512-2Dc6Cqc1w2TAnTExd8oK9ydxT2LEpDycOCSrW5mGrLVcTpMnd6icp4GhRGGDb8yvRtDvuyXTPe3E1Fffjce6yQ==}
    dependencies:
      '@types/debug': 4.1.7
      ms: 2.1.3
      strip-ansi: 6.0.1
    dev: false

  /@prisma/engines/3.11.1-1.1a2506facaf1a4727b7c26850735e88ec779dee9:
    resolution: {integrity: sha512-MILbsGnvmnhCbFGa2/iSnsyGyazU3afzD7ldjCIeLIGKkNBMSZgA2IvpYsAXl+6qFHKGrS3B2otKfV31dwMSQw==}
    requiresBuild: true
    dev: false

  /@prisma/generator-helper/3.11.1:
    resolution: {integrity: sha512-1+352ul+M+imQkr+gII346JzXwxsYxyN4XzuJyw+/mLmjH+4g76/W6BokhVhAwBuXiUZ0kexGTe7kB3az3Cc5Q==}
    dependencies:
      '@prisma/debug': 3.11.1
      '@types/cross-spawn': 6.0.2
      chalk: 4.1.2
      cross-spawn: 7.0.3
    dev: false

  /@repeaterjs/repeater/3.0.4:
    resolution: {integrity: sha512-AW8PKd6iX3vAZ0vA43nOUOnbq/X5ihgU+mSXXqunMkeQADGiqw/PY0JNeYtD5sr0PAy51YPgAPbDoeapv9r8WA==}
    dev: false

  /@tsconfig/node10/1.0.8:
    resolution: {integrity: sha512-6XFfSQmMgq0CFLY1MslA/CPUfhIL919M1rMsa5lP2P097N2Wd1sSX0tx1u4olM16fLNhtHZpRhedZJphNJqmZg==}
    dev: true

  /@tsconfig/node12/1.0.9:
    resolution: {integrity: sha512-/yBMcem+fbvhSREH+s14YJi18sp7J9jpuhYByADT2rypfajMZZN4WQ6zBGgBKp53NKmqI36wFYDb3yaMPurITw==}
    dev: true

  /@tsconfig/node14/1.0.1:
    resolution: {integrity: sha512-509r2+yARFfHHE7T6Puu2jjkoycftovhXRqW328PDXTVGKihlb1P8Z9mMZH04ebyajfRY7dedfGynlrFHJUQCg==}
    dev: true

  /@tsconfig/node16/1.0.2:
    resolution: {integrity: sha512-eZxlbI8GZscaGS7kkc/trHTT5xgrjH3/1n2JDwusC9iahPKWMRvRjJSAN5mCXviuTGQ/lHnhvv8Q1YTpnfz9gA==}
    dev: true

  /@types/cross-spawn/6.0.2:
    resolution: {integrity: sha512-KuwNhp3eza+Rhu8IFI5HUXRP0LIhqH5cAjubUvGXXthh4YYBuP2ntwEX+Cz8GJoZUHlKo247wPWOfA9LYEq4cw==}
    dependencies:
      '@types/node': 17.0.23
    dev: false

  /@types/debug/4.1.7:
    resolution: {integrity: sha512-9AonUzyTjXXhEOa0DnqpzZi6VHlqKMswga9EXjpXnnqxwLtdvPPtlO8evrI5D9S6asFRCQ6v+wpiUKbw+vKqyg==}
    dependencies:
      '@types/ms': 0.7.31
    dev: false

  /@types/ms/0.7.31:
    resolution: {integrity: sha512-iiUgKzV9AuaEkZqkOLDIvlQiL6ltuZd9tGcW3gwpnX8JbuiuhFlEGmmFXEXkN50Cvq7Os88IY2v0dkDqXYWVgA==}
    dev: false

  /@types/node/17.0.23:
    resolution: {integrity: sha512-UxDxWn7dl97rKVeVS61vErvw086aCYhDLyvRQZ5Rk65rZKepaFdm53GeqXaKBuOhED4e9uWq34IC3TdSdJJ2Gw==}

  /@types/strip-bom/3.0.0:
    resolution: {integrity: sha1-FKjsOVbC6B7bdSB5CuzyHCkK69I=}
    dev: true

  /@types/strip-json-comments/0.0.30:
    resolution: {integrity: sha512-7NQmHra/JILCd1QqpSzl8+mJRc8ZHz3uDm8YV1Ks9IhK0epEiTw8aIErbvH9PI+6XbqhyIQy3462nEsn7UVzjQ==}
    dev: true

  /abort-controller/3.0.0:
    resolution: {integrity: sha512-h8lQ8tacZYnR3vNQTgibj+tODHI5/+l06Au2Pcriv/Gmet0eaj4TwWH41sO9wnHDiQsEj19q0drzdWdeAHtweg==}
    engines: {node: '>=6.5'}
    dependencies:
      event-target-shim: 5.0.1
    dev: false

  /acorn-walk/8.2.0:
    resolution: {integrity: sha512-k+iyHEuPgSw6SbuDpGQM+06HQUa04DZ3o+F6CSzXMvvI5KMvnaEqXe+YVe555R9nn6GPt404fos4wcgpw12SDA==}
    engines: {node: '>=0.4.0'}
    dev: true

  /acorn/8.7.0:
    resolution: {integrity: sha512-V/LGr1APy+PXIwKebEWrkZPwoeoF+w1jiOBUmuxuiUIaOHtob8Qc9BTrYo7VuI5fR8tqsy+buA2WFooR5olqvQ==}
    engines: {node: '>=0.4.0'}
    hasBin: true
    dev: true

  /ansi-regex/5.0.1:
    resolution: {integrity: sha512-quJQXlTSUGL2LH9SUXo8VwsY4soanhgo6LNSm84E1LBcE8s3O0wpdiRzyR9z/ZZJMlMWv37qOOb9pdJlMUEKFQ==}
    engines: {node: '>=8'}
    dev: false

  /ansi-styles/4.3.0:
    resolution: {integrity: sha512-zbB9rCJAT1rbjiVDb2hqKFHNYLxgtk8NURxZ3IZwD3F6NtxbXZQCnnSi1Lkx+IDohdPlFp222wVALIheZJQSEg==}
    engines: {node: '>=8'}
    dependencies:
      color-convert: 2.0.1
    dev: false

  /anymatch/3.1.2:
    resolution: {integrity: sha512-P43ePfOAIupkguHUycrc4qJ9kz8ZiuOUijaETwX7THt0Y/GNK7v0aa8rY816xWjZ7rJdA5XdMcpVFTKMq+RvWg==}
    engines: {node: '>= 8'}
    dependencies:
      normalize-path: 3.0.0
      picomatch: 2.3.1
    dev: true

  /arg/4.1.3:
    resolution: {integrity: sha512-58S9QDqG0Xx27YwPSt9fJxivjYl432YCwfDMfZ+71RAqUrZef7LrKQZ3LHLOwCS4FLNBplP533Zx895SeOCHvA==}
    dev: true

  /balanced-match/1.0.2:
    resolution: {integrity: sha512-3oSeUO0TMV67hN1AmbXsK4yaqU7tjiHlbxRDZOpH0KW9+CeX4bRAaX0Anxt0tx2MrpRpWwQaPwIlISEJhYU5Pw==}
    dev: true

  /binary-extensions/2.2.0:
    resolution: {integrity: sha512-jDctJ/IVQbZoJykoeHbhXpOlNBqGNcwXJKJog42E5HDPUwQTSdjCHdihjj0DlnheQ7blbT6dHOafNAiS8ooQKA==}
    engines: {node: '>=8'}
    dev: true

  /brace-expansion/1.1.11:
    resolution: {integrity: sha512-iCuPHDFgrHX7H2vEI/5xpz07zSHB00TpugqhmYtVmMO6518mCuRMoOYFldEBl0g187ufozdaHgWKcYFb61qGiA==}
    dependencies:
      balanced-match: 1.0.2
      concat-map: 0.0.1
    dev: true

  /braces/3.0.2:
    resolution: {integrity: sha512-b8um+L1RzM3WDSzvhm6gIz1yfTbBt6YTlcEKAvsmqCZZFw46z626lVj9j1yEPW33H5H+lBQpZMP1k8l+78Ha0A==}
    engines: {node: '>=8'}
    dependencies:
      fill-range: 7.0.1
    dev: true

  /buffer-from/1.1.2:
    resolution: {integrity: sha512-E+XQCRwSbaaiChtv6k6Dwgc+bx+Bs6vuKJHHl5kox/BaKbhiXzqQOwK4cO22yElGp2OCmjwVhT3HmxgyPGnJfQ==}
    dev: true

  /chalk/4.1.2:
    resolution: {integrity: sha512-oKnbhFyRIXpUuez8iBMmyEa4nbj4IOQyuhc/wy9kY7/WVPcwIO9VA668Pu8RkO7+0G76SLROeyw9CpQ061i4mA==}
    engines: {node: '>=10'}
    dependencies:
      ansi-styles: 4.3.0
      supports-color: 7.2.0
    dev: false

  /chokidar/3.5.3:
    resolution: {integrity: sha512-Dr3sfKRP6oTcjf2JmUmFJfeVMvXBdegxB0iVQ5eb2V10uFJUCAS8OByZdVAyVb8xXNz3GjjTgj9kLWsZTqE6kw==}
    engines: {node: '>= 8.10.0'}
    dependencies:
      anymatch: 3.1.2
      braces: 3.0.2
      glob-parent: 5.1.2
      is-binary-path: 2.1.0
      is-glob: 4.0.3
      normalize-path: 3.0.0
      readdirp: 3.6.0
    optionalDependencies:
      fsevents: 2.3.2
    dev: true

  /color-convert/2.0.1:
    resolution: {integrity: sha512-RRECPsj7iu/xb5oKYcsFHSppFNnsj/52OVTRKb4zP5onXwVF3zVmmToNcOfGC+CRDpfK/U584fMg38ZHCaElKQ==}
    engines: {node: '>=7.0.0'}
    dependencies:
      color-name: 1.1.4
    dev: false

  /color-name/1.1.4:
    resolution: {integrity: sha512-dOy+3AuW3a2wNbZHIuMZpTcgjGuLU/uBL/ubcZF9OXbDo8ff4O8yVp5Bf0efS8uEoYo5q4Fx7dY9OgQGXgAsQA==}
    dev: false

  /concat-map/0.0.1:
    resolution: {integrity: sha1-2Klr13/Wjfd5OnMDajug1UBdR3s=}
    dev: true

  /create-require/1.1.1:
    resolution: {integrity: sha512-dcKFX3jn0MpIaXjisoRvexIJVEKzaq7z2rZKxf+MSr9TkdmHmsU4m2lcLojrj/FHl8mk5VxMmYA+ftRkP/3oKQ==}
    dev: true

  /cross-env/7.0.3:
    resolution: {integrity: sha512-+/HKd6EgcQCJGh2PSjZuUitQBQynKor4wrFbRg4DtAgS1aWO+gU52xpH7M9ScGgXSYmAVS9bIJ8EzuaGw0oNAw==}
    engines: {node: '>=10.14', npm: '>=6', yarn: '>=1'}
    hasBin: true
    dependencies:
      cross-spawn: 7.0.3
    dev: true

  /cross-spawn/7.0.3:
    resolution: {integrity: sha512-iRDPJKUPVEND7dHPO8rkbOnPpyDygcDFtWjpeWNCgy8WP2rXcxXL8TskReQl6OrB2G7+UJrags1q15Fudc7G6w==}
    engines: {node: '>= 8'}
    dependencies:
      path-key: 3.1.1
      shebang-command: 2.0.0
      which: 2.0.2

  /cross-undici-fetch/0.1.28:
    resolution: {integrity: sha512-/nLMyVE5IC9PQdBtmgjpGZfK0wo8UupomAPx+7HlbEgVDkZOa9xCiZP9goo5aLYofP0gHXgovjXdXrE2obANag==}
    dependencies:
      abort-controller: 3.0.0
      form-data-encoder: 1.7.2
      formdata-node: 4.3.2
      node-fetch: 2.6.7
      undici: 5.0.0
      web-streams-polyfill: 3.2.0
    transitivePeerDependencies:
      - encoding
    dev: false

  /diff/4.0.2:
    resolution: {integrity: sha512-58lmxKSA4BNyLz+HHMUzlOEpg09FV+ev6ZMe3vJihgdxzgcwZ8VoEEPmALCZG9LmqfVoNMMKpttIYTVG6uDY7A==}
    engines: {node: '>=0.3.1'}
    dev: true

  /dset/3.1.1:
    resolution: {integrity: sha512-hYf+jZNNqJBD2GiMYb+5mqOIX4R4RRHXU3qWMWYN+rqcR2/YpRL2bUHr8C8fU+5DNvqYjJ8YvMGSLuVPWU1cNg==}
    engines: {node: '>=4'}
    dev: false

  /dynamic-dedupe/0.3.0:
    resolution: {integrity: sha1-BuRMIj9eTpTXjvnbI6ZRXOL5YqE=}
    dependencies:
      xtend: 4.0.2
    dev: true

  /event-target-shim/5.0.1:
    resolution: {integrity: sha512-i/2XbnSz/uxRCU6+NdVJgKWDTM427+MqYbkQzD321DuCQJUqOuJKIA0IM2+W2xtYHdKOmZ4dR6fExsd4SXL+WQ==}
    engines: {node: '>=6'}
    dev: false

  /fill-range/7.0.1:
    resolution: {integrity: sha512-qOo9F+dMUmC2Lcb4BbVvnKJxTPjCm+RRpe4gDuGrzkL7mEVl/djYSu2OdQ2Pa302N4oqkSg9ir6jaLWJ2USVpQ==}
    engines: {node: '>=8'}
    dependencies:
      to-regex-range: 5.0.1
    dev: true

  /form-data-encoder/1.7.2:
    resolution: {integrity: sha512-qfqtYan3rxrnCk1VYaA4H+Ms9xdpPqvLZa6xmMgFvhO32x7/3J/ExcTd6qpxM0vH2GdMI+poehyBZvqfMTto8A==}
    dev: false

  /formdata-node/4.3.2:
    resolution: {integrity: sha512-k7lYJyzDOSL6h917favP8j1L0/wNyylzU+x+1w4p5haGVHNlP58dbpdJhiCUsDbWsa9HwEtLp89obQgXl2e0qg==}
    engines: {node: '>= 12.20'}
    dependencies:
      node-domexception: 1.0.0
      web-streams-polyfill: 4.0.0-beta.1
    dev: false

  /fs.realpath/1.0.0:
    resolution: {integrity: sha1-FQStJSMVjKpA20onh8sBQRmU6k8=}
    dev: true

  /fsevents/2.3.2:
    resolution: {integrity: sha512-xiqMQR4xAeHTuB9uWm+fFRcIOgKBMiOBP+eXiyT7jsgVCq1bkVygt00oASowB7EdtpOHaaPgKt812P9ab+DDKA==}
    engines: {node: ^8.16.0 || ^10.6.0 || >=11.0.0}
    os: [darwin]
    requiresBuild: true
    dev: true
    optional: true

  /function-bind/1.1.1:
    resolution: {integrity: sha512-yIovAzMX49sF8Yl58fSCWJ5svSLuaibPxXQJFLmBObTuCr0Mf1KiPopGM9NiFjiYBCbfaa2Fh6breQ6ANVTI0A==}
    dev: true

  /glob-parent/5.1.2:
    resolution: {integrity: sha512-AOIgSQCepiJYwP3ARnGx+5VnTu2HBYdzbGP45eLw1vr3zB3vZLeyed1sC9hnbcOc9/SrMyM5RPQrkGz4aS9Zow==}
    engines: {node: '>= 6'}
    dependencies:
      is-glob: 4.0.3
    dev: true

  /glob/7.2.0:
    resolution: {integrity: sha512-lmLf6gtyrPq8tTjSmrO94wBeQbFR3HbLHbuyD69wuyQkImp2hWqMGB47OX65FBkPffO641IP9jWa1z4ivqG26Q==}
    dependencies:
      fs.realpath: 1.0.0
      inflight: 1.0.6
      inherits: 2.0.4
      minimatch: 3.1.2
      once: 1.4.0
      path-is-absolute: 1.0.1
    dev: true

  /graphql/16.3.0:
    resolution: {integrity: sha512-xm+ANmA16BzCT5pLjuXySbQVFwH3oJctUVdy81w1sV0vBU0KgDdBGtxQOUd5zqOBk/JayAFeG8Dlmeq74rjm/A==}
    engines: {node: ^12.22.0 || ^14.16.0 || >=16.0.0}
    dev: false

  /has-flag/4.0.0:
    resolution: {integrity: sha512-EykJT/Q1KjTWctppgIAgfSO0tKVuZUjhgMr17kqTumMl6Afv3EISleU7qZUzoXDFTAHTDC4NOoG/ZxU3EvlMPQ==}
    engines: {node: '>=8'}
    dev: false

  /has/1.0.3:
    resolution: {integrity: sha512-f2dvO0VU6Oej7RkWJGrehjbzMAjFp5/VKPp5tTpWIV4JHHZK1/BxbFRtf/siA2SWTe09caDmVtYYzWEIbBS4zw==}
    engines: {node: '>= 0.4.0'}
    dependencies:
      function-bind: 1.1.1
    dev: true

  /inflight/1.0.6:
    resolution: {integrity: sha1-Sb1jMdfQLQwJvJEKEHW6gWW1bfk=}
    dependencies:
      once: 1.4.0
      wrappy: 1.0.2
    dev: true

  /inherits/2.0.4:
    resolution: {integrity: sha512-k/vGaX4/Yla3WzyMCvTQOXYeIHvqOKtnqBduzTHpzpQZzAskKMhZ2K+EnBiSM9zGSoIFeMpXKxa4dYeZIQqewQ==}
    dev: true

  /is-binary-path/2.1.0:
    resolution: {integrity: sha512-ZMERYes6pDydyuGidse7OsHxtbI7WVeUEozgR/g7rd0xUimYNlvZRE/K2MgZTjWy725IfelLeVcEM97mmtRGXw==}
    engines: {node: '>=8'}
    dependencies:
      binary-extensions: 2.2.0
    dev: true

  /is-core-module/2.8.1:
    resolution: {integrity: sha512-SdNCUs284hr40hFTFP6l0IfZ/RSrMXF3qgoRHd3/79unUTvrFO/JoXwkGm+5J/Oe3E/b5GsnG330uUNgRpu1PA==}
    dependencies:
      has: 1.0.3
    dev: true

  /is-extglob/2.1.1:
    resolution: {integrity: sha1-qIwCU1eR8C7TfHahueqXc8gz+MI=}
    engines: {node: '>=0.10.0'}
    dev: true

  /is-glob/4.0.3:
    resolution: {integrity: sha512-xelSayHH36ZgE7ZWhli7pW34hNbNl8Ojv5KVmkJD4hBdD3th8Tfk9vYasLM+mXWOZhFkgZfxhLSnrwRr4elSSg==}
    engines: {node: '>=0.10.0'}
    dependencies:
      is-extglob: 2.1.1
    dev: true

  /is-number/7.0.0:
    resolution: {integrity: sha512-41Cifkg6e8TylSpdtTpeLVMqvSBEVzTttHvERD741+pnZ8ANv0004MRL43QKPDlK9cGvNp6NZWZUBlbGXYxxng==}
    engines: {node: '>=0.12.0'}
    dev: true

  /isexe/2.0.0:
    resolution: {integrity: sha1-6PvzdNxVb/iUehDcsFctYz8s+hA=}

  /make-error/1.3.6:
    resolution: {integrity: sha512-s8UhlNe7vPKomQhC1qFelMokr/Sc3AgNbso3n74mVPA5LTZwkB9NlXf4XPamLxJE8h0gh73rM94xvwRT2CVInw==}
    dev: true

  /minimatch/3.1.2:
    resolution: {integrity: sha512-J7p63hRiAjw1NDEww1W7i37+ByIrOWO5XQQAzZ3VOcL0PNybwpfmV/N05zFAzwQ9USyEcX6t3UO+K5aqBQOIHw==}
    dependencies:
      brace-expansion: 1.1.11
    dev: true

  /minimist/1.2.6:
    resolution: {integrity: sha512-Jsjnk4bw3YJqYzbdyBiNsPWHPfO++UGG749Cxs6peCu5Xg4nrena6OVxOYxrQTqww0Jmwt+Ref8rggumkTLz9Q==}
    dev: true

  /mkdirp/1.0.4:
    resolution: {integrity: sha512-vVqVZQyf3WLx2Shd0qJ9xuvqgAyKPLAiqITEtqW0oIUjzo3PePDd6fW9iFz30ef7Ysp/oiWqbhszeGWW2T6Gzw==}
    engines: {node: '>=10'}
    hasBin: true
    dev: true

  /ms/2.1.3:
    resolution: {integrity: sha512-6FlzubTLZG3J2a/NVCAleEhjzq5oxgHyaCU9yYXvcLsvoVaHJq/s5xXI6/XXP6tz7R9xAOtHnSO/tXtF3WRTlA==}
    dev: false

  /node-domexception/1.0.0:
    resolution: {integrity: sha512-/jKZoMpw0F8GRwl4/eLROPA3cfcXtLApP0QzLmUT/HuPCZWyB7IY9ZrMeKw2O/nFIqPQB3PVM9aYm0F312AXDQ==}
    engines: {node: '>=10.5.0'}
    dev: false

  /node-fetch/2.6.7:
    resolution: {integrity: sha512-ZjMPFEfVx5j+y2yF35Kzx5sF7kDzxuDj6ziH4FFbOp87zKDZNx8yExJIb05OGF4Nlt9IHFIMBkRl41VdvcNdbQ==}
    engines: {node: 4.x || >=6.0.0}
    peerDependencies:
      encoding: ^0.1.0
    peerDependenciesMeta:
      encoding:
        optional: true
    dependencies:
      whatwg-url: 5.0.0
    dev: false

  /normalize-path/3.0.0:
    resolution: {integrity: sha512-6eZs5Ls3WtCisHWp9S2GUy8dqkpGi4BVSz3GaqiE6ezub0512ESztXUwUB6C6IKbQkY2Pnb/mD4WYojCRwcwLA==}
    engines: {node: '>=0.10.0'}
    dev: true

  /once/1.4.0:
    resolution: {integrity: sha1-WDsap3WWHUsROsF9nFC6753Xa9E=}
    dependencies:
      wrappy: 1.0.2
    dev: true

  /path-is-absolute/1.0.1:
    resolution: {integrity: sha1-F0uSaHNVNP+8es5r9TpanhtcX18=}
    engines: {node: '>=0.10.0'}
    dev: true

  /path-key/3.1.1:
    resolution: {integrity: sha512-ojmeN0qd+y0jszEtoY48r0Peq5dwMEkIlCOu6Q5f41lfkswXuKtYrhgoTpLnyIcHm24Uhqx+5Tqm2InSwLhE6Q==}
    engines: {node: '>=8'}

  /path-parse/1.0.7:
    resolution: {integrity: sha512-LDJzPVEEEPR+y48z93A0Ed0yXb8pAByGWo/k5YYdYgpY2/2EsOsksJrq7lOHxryrVOn1ejG6oAp8ahvOIQD8sw==}
    dev: true

  /picomatch/2.3.1:
    resolution: {integrity: sha512-JU3teHTNjmE2VCGFzuY8EXzCDVwEqB2a8fsIvwaStHhAWJEeVd1o1QD80CU6+ZdEXXSLbSsuLwJjkCBWqRQUVA==}
    engines: {node: '>=8.6'}
    dev: true

  /prisma/3.11.1:
    resolution: {integrity: sha512-aYn8bQwt1xwR2oSsVNHT4PXU7EhsThIwmpNB/MNUaaMx5OPLTro6VdNJe/sJssXFLxhamfWeMjwmpXjljo6xkg==}
    engines: {node: '>=12.6'}
    hasBin: true
    requiresBuild: true
    dependencies:
      '@prisma/engines': 3.11.1-1.1a2506facaf1a4727b7c26850735e88ec779dee9
    dev: false

  /readdirp/3.6.0:
    resolution: {integrity: sha512-hOS089on8RduqdbhvQ5Z37A0ESjsqz6qnRcffsMU3495FuTdqSm+7bhJ29JvIOsBDEEnan5DPu9t3To9VRlMzA==}
    engines: {node: '>=8.10.0'}
    dependencies:
      picomatch: 2.3.1
    dev: true

  /resolve/1.22.0:
    resolution: {integrity: sha512-Hhtrw0nLeSrFQ7phPp4OOcVjLPIeMnRlr5mcnVuMe7M/7eBn98A3hmFRLoFo3DLZkivSYwhRUJTyPyWAk56WLw==}
    hasBin: true
    dependencies:
      is-core-module: 2.8.1
      path-parse: 1.0.7
      supports-preserve-symlinks-flag: 1.0.0
    dev: true

  /rimraf/2.7.1:
    resolution: {integrity: sha512-uWjbaKIK3T1OSVptzX7Nl6PvQ3qAGtKEtVRjRuazjfL3Bx5eI409VZSqgND+4UNnmzLVdPj9FqFJNPqBZFve4w==}
    hasBin: true
    dependencies:
      glob: 7.2.0
    dev: true

  /shebang-command/2.0.0:
    resolution: {integrity: sha512-kHxr2zZpYtdmrN1qDjrrX/Z1rR1kG8Dx+gkpK1G4eXmvXswmcE1hTWBWYUzlraYw1/yZp6YuDY77YtvbN0dmDA==}
    engines: {node: '>=8'}
    dependencies:
      shebang-regex: 3.0.0

  /shebang-regex/3.0.0:
    resolution: {integrity: sha512-7++dFhtcx3353uBaq8DDR4NuxBetBzC7ZQOhmTQInHEd6bSrXdiEyzCvG07Z44UYdLShWUyXt5M/yhz8ekcb1A==}
    engines: {node: '>=8'}

  /source-map-support/0.5.21:
    resolution: {integrity: sha512-uBHU3L3czsIyYXKX88fdrGovxdSCoTGDRZ6SYXtSRxLZUzHg5P/66Ht6uoUlHu9EZod+inXhKo3qQgwXUT/y1w==}
    dependencies:
      buffer-from: 1.1.2
      source-map: 0.6.1
    dev: true

  /source-map/0.6.1:
    resolution: {integrity: sha512-UjgapumWlbMhkBgzT7Ykc5YXUT46F0iKu8SGXq0bcwP5dz/h0Plj6enJqjz1Zbq2l5WaqYnrVbwWOWMyF3F47g==}
    engines: {node: '>=0.10.0'}
    dev: true

  /strip-ansi/6.0.1:
    resolution: {integrity: sha512-Y38VPSHcqkFrCpFnQ9vuSXmquuv5oXOKpGeT6aGrr3o3Gc9AlVa6JBfUSOCnbxGGZF+/0ooI7KrPuUSztUdU5A==}
    engines: {node: '>=8'}
    dependencies:
      ansi-regex: 5.0.1
    dev: false

  /strip-bom/3.0.0:
    resolution: {integrity: sha1-IzTBjpx1n3vdVv3vfprj1YjmjtM=}
    engines: {node: '>=4'}
    dev: true

  /strip-json-comments/2.0.1:
    resolution: {integrity: sha1-PFMZQukIwml8DsNEhYwobHygpgo=}
    engines: {node: '>=0.10.0'}
    dev: true

  /supports-color/7.2.0:
    resolution: {integrity: sha512-qpCAvRl9stuOHveKsn7HncJRvv501qIacKzQlO/+Lwxc9+0q2wLyv4Dfvt80/DPn2pqOBsJdDiogXGR9+OvwRw==}
    engines: {node: '>=8'}
    dependencies:
      has-flag: 4.0.0
    dev: false

  /supports-preserve-symlinks-flag/1.0.0:
    resolution: {integrity: sha512-ot0WnXS9fgdkgIcePe6RHNk1WA8+muPa6cSjeR3V8K27q9BB1rTE3R1p7Hv0z1ZyAc8s6Vvv8DIyWf681MAt0w==}
    engines: {node: '>= 0.4'}
    dev: true

  /tiny-lru/7.0.6:
    resolution: {integrity: sha512-zNYO0Kvgn5rXzWpL0y3RS09sMK67eGaQj9805jlK9G6pSadfriTczzLHFXa/xcW4mIRfmlB9HyQ/+SgL0V1uow==}
    engines: {node: '>=6'}
    dev: false

  /to-regex-range/5.0.1:
    resolution: {integrity: sha512-65P7iz6X5yEr1cwcgvQxbbIw7Uk3gOy5dIdtZ4rDveLqhrdJP+Li/Hx6tyK0NEb+2GCyneCMJiGqrADCSNk8sQ==}
    engines: {node: '>=8.0'}
    dependencies:
      is-number: 7.0.0
    dev: true

  /tr46/0.0.3:
    resolution: {integrity: sha1-gYT9NH2snNwYWZLzpmIuFLnZq2o=}
    dev: false

  /tree-kill/1.2.2:
    resolution: {integrity: sha512-L0Orpi8qGpRG//Nd+H90vFB+3iHnue1zSSGmNOOCh1GLJ7rUKVwV2HvijphGQS2UmhUZewS9VgvxYIdgr+fG1A==}
    hasBin: true
    dev: true

  /ts-node-dev/1.1.8_typescript@4.6.3:
    resolution: {integrity: sha512-Q/m3vEwzYwLZKmV6/0VlFxcZzVV/xcgOt+Tx/VjaaRHyiBcFlV0541yrT09QjzzCxlDZ34OzKjrFAynlmtflEg==}
    engines: {node: '>=0.8.0'}
    hasBin: true
    peerDependencies:
      node-notifier: '*'
      typescript: '*'
    peerDependenciesMeta:
      node-notifier:
        optional: true
    dependencies:
      chokidar: 3.5.3
      dynamic-dedupe: 0.3.0
      minimist: 1.2.6
      mkdirp: 1.0.4
      resolve: 1.22.0
      rimraf: 2.7.1
      source-map-support: 0.5.21
      tree-kill: 1.2.2
      ts-node: 9.1.1_typescript@4.6.3
      tsconfig: 7.0.0
      typescript: 4.6.3
    dev: true

  /ts-node/10.7.0_ee885bc7281b682b6adbed6ae09ee090:
    resolution: {integrity: sha512-TbIGS4xgJoX2i3do417KSaep1uRAW/Lu+WAL2doDHC0D6ummjirVOXU5/7aiZotbQ5p1Zp9tP7U6cYhA0O7M8A==}
    hasBin: true
    peerDependencies:
      '@swc/core': '>=1.2.50'
      '@swc/wasm': '>=1.2.50'
      '@types/node': '*'
      typescript: '>=2.7'
    peerDependenciesMeta:
      '@swc/core':
        optional: true
      '@swc/wasm':
        optional: true
    dependencies:
      '@cspotcode/source-map-support': 0.7.0
      '@tsconfig/node10': 1.0.8
      '@tsconfig/node12': 1.0.9
      '@tsconfig/node14': 1.0.1
      '@tsconfig/node16': 1.0.2
      '@types/node': 17.0.23
      acorn: 8.7.0
      acorn-walk: 8.2.0
      arg: 4.1.3
      create-require: 1.1.1
      diff: 4.0.2
      make-error: 1.3.6
      typescript: 4.6.3
      v8-compile-cache-lib: 3.0.0
      yn: 3.1.1
    dev: true

  /ts-node/9.1.1_typescript@4.6.3:
    resolution: {integrity: sha512-hPlt7ZACERQGf03M253ytLY3dHbGNGrAq9qIHWUY9XHYl1z7wYngSr3OQ5xmui8o2AaxsONxIzjafLUiWBo1Fg==}
    engines: {node: '>=10.0.0'}
    hasBin: true
    peerDependencies:
      typescript: '>=2.7'
    dependencies:
      arg: 4.1.3
      create-require: 1.1.1
      diff: 4.0.2
      make-error: 1.3.6
      source-map-support: 0.5.21
      typescript: 4.6.3
      yn: 3.1.1
    dev: true

  /tsconfig/7.0.0:
    resolution: {integrity: sha512-vZXmzPrL+EmC4T/4rVlT2jNVMWCi/O4DIiSj3UHg1OE5kCKbk4mfrXc6dZksLgRM/TZlKnousKH9bbTazUWRRw==}
    dependencies:
      '@types/strip-bom': 3.0.0
      '@types/strip-json-comments': 0.0.30
      strip-bom: 3.0.0
      strip-json-comments: 2.0.1
    dev: true

  /tslib/2.3.1:
    resolution: {integrity: sha512-77EbyPPpMz+FRFRuAFlWMtmgUWGe9UOG2Z25NqCwiIjRhOf5iKGuzSe5P2w1laq+FkRy4p+PCuVkJSGkzTEKVw==}
    dev: false

  /typescript/4.6.3:
    resolution: {integrity: sha512-yNIatDa5iaofVozS/uQJEl3JRWLKKGJKh6Yaiv0GLGSuhpFJe7P3SbHZ8/yjAHRQwKRoA6YZqlfjXWmVzoVSMw==}
    engines: {node: '>=4.2.0'}
    hasBin: true
    dev: true

  /undici/5.0.0:
    resolution: {integrity: sha512-VhUpiZ3No1DOPPQVQnsDZyfcbTTcHdcgWej1PdFnSvOeJmOVDgiOHkunJmBLfmjt4CqgPQddPVjSWW0dsTs5Yg==}
    engines: {node: '>=12.18'}
    dev: false

  /v8-compile-cache-lib/3.0.0:
    resolution: {integrity: sha512-mpSYqfsFvASnSn5qMiwrr4VKfumbPyONLCOPmsR3A6pTY/r0+tSaVbgPWSAIuzbk3lCTa+FForeTiO+wBQGkjA==}
    dev: true

  /value-or-promise/1.0.11:
    resolution: {integrity: sha512-41BrgH+dIbCFXClcSapVs5M6GkENd3gQOJpEfPDNa71LsUGMXDL0jMWpI/Rh7WhX+Aalfz2TTS3Zt5pUsbnhLg==}
    engines: {node: '>=12'}
    dev: false

  /web-streams-polyfill/3.2.0:
    resolution: {integrity: sha512-EqPmREeOzttaLRm5HS7io98goBgZ7IVz79aDvqjD0kYXLtFZTc0T/U6wHTPKyIjb+MdN7DFIIX6hgdBEpWmfPA==}
    engines: {node: '>= 8'}
    dev: false

  /web-streams-polyfill/4.0.0-beta.1:
    resolution: {integrity: sha512-3ux37gEX670UUphBF9AMCq8XM6iQ8Ac6A+DSRRjDoRBm1ufCkaCDdNVbaqq60PsEkdNlLKrGtv/YBP4EJXqNtQ==}
    engines: {node: '>= 12'}
    dev: false

  /webidl-conversions/3.0.1:
    resolution: {integrity: sha1-JFNCdeKnvGvnvIZhHMFq4KVlSHE=}
    dev: false

  /whatwg-url/5.0.0:
    resolution: {integrity: sha1-lmRU6HZUYuN2RNNib2dCzotwll0=}
    dependencies:
      tr46: 0.0.3
      webidl-conversions: 3.0.1
    dev: false

  /which/2.0.2:
    resolution: {integrity: sha512-BLI3Tl1TW3Pvl70l3yq3Y64i+awpwXqsGBYWkkqMtnbXgrMD+yj7rhW0kuEDxzJaYXGjEW5ogapKNMEKNMjibA==}
    engines: {node: '>= 8'}
    hasBin: true
    dependencies:
      isexe: 2.0.0

  /wrappy/1.0.2:
    resolution: {integrity: sha1-tSQ9jz7BqjXxNkYFvA0QNuMKtp8=}
    dev: true

  /xtend/4.0.2:
    resolution: {integrity: sha512-LKYU1iAXJXUgAXn9URjiu+MWhyUXHsvfp7mcuYm9dSUKK0/CjtrUwFAxD82/mCWbtLsGjFIad0wIsod4zrTAEQ==}
    engines: {node: '>=0.4'}
    dev: true

  /yn/3.1.1:
    resolution: {integrity: sha512-Ux4ygGWsu2c7isFWe8Yu1YluJmqVhxqK2cLXNQA5AcC3QfbGNpM7fu0Y8b/z16pXLnFxZYvWhd3fhBY9DLmC6Q==}
    engines: {node: '>=6'}
    dev: true
